
Microsoft Visual Studio Solution File, Format Version 12.00
# Visual Studio 2012
Project("{FAE04EC0-301F-11D3-BF4B-00C04F79EFBC}") = "ResidenceStore", "ResidenceStore\ResidenceStore.csproj", "{64BCA1D2-F9A9-4F7C-B49B-41DE8B86D22C}"
EndProject
Project("{FAE04EC0-301F-11D3-BF4B-00C04F79EFBC}") = "ResidenceStore.RavenDB", "ResidenceStore.RavenDB\ResidenceStore.RavenDB.csproj", "{91A2DAE3-367E-43F8-A4ED-2AB2E6CB7006}"
EndProject
Project("{FAE04EC0-301F-11D3-BF4B-00C04F79EFBC}") = "ResidenceStore.Tests", "ResidenceStore.Tests\ResidenceStore.Tests.csproj", "{59D009EA-9AD7-42D7-B3FA-E42B6346B9D6}"
EndProject
Project("{FAE04EC0-301F-11D3-BF4B-00C04F79EFBC}") = "ResidenceStore.Web.Nancy", "ResidenceStore.Web.Nancy\ResidenceStore.Web.Nancy.csproj", "{FEFD5F04-6418-4062-8BB0-5977C7387736}"
EndProject
Project("{2150E333-8FDC-42A3-9474-1A3956D46DE8}") = "Solution Items", "Solution Items", "{D48EC0BA-5BFF-40F9-9EA4-9DEF5F69BFFB}"
	ProjectSection(SolutionItems) = preProject
		CommonAssemblyInfo.cs = CommonAssemblyInfo.cs
	EndProjectSection
EndProject
Global
	GlobalSection(SolutionConfigurationPlatforms) = preSolution
		Debug|Any CPU = Debug|Any CPU
		Release|Any CPU = Release|Any CPU
	EndGlobalSection
	GlobalSection(ProjectConfigurationPlatforms) = postSolution
		{64BCA1D2-F9A9-4F7C-B49B-41DE8B86D22C}.Debug|Any CPU.ActiveCfg = Debug|Any CPU
		{64BCA1D2-F9A9-4F7C-B49B-41DE8B86D22C}.Debug|Any CPU.Build.0 = Debug|Any CPU
		{64BCA1D2-F9A9-4F7C-B49B-41DE8B86D22C}.Release|Any CPU.ActiveCfg = Release|Any CPU
		{64BCA1D2-F9A9-4F7C-B49B-41DE8B86D22C}.Release|Any CPU.Build.0 = Release|Any CPU
		{91A2DAE3-367E-43F8-A4ED-2AB2E6CB7006}.Debug|Any CPU.ActiveCfg = Debug|Any CPU
		{91A2DAE3-367E-43F8-A4ED-2AB2E6CB7006}.Debug|Any CPU.Build.0 = Debug|Any CPU
		{91A2DAE3-367E-43F8-A4ED-2AB2E6CB7006}.Release|Any CPU.ActiveCfg = Release|Any CPU
		{91A2DAE3-367E-43F8-A4ED-2AB2E6CB7006}.Release|Any CPU.Build.0 = Release|Any CPU
		{59D009EA-9AD7-42D7-B3FA-E42B6346B9D6}.Debug|Any CPU.ActiveCfg = Debug|Any CPU
		{59D009EA-9AD7-42D7-B3FA-E42B6346B9D6}.Debug|Any CPU.Build.0 = Debug|Any CPU
		{59D009EA-9AD7-42D7-B3FA-E42B6346B9D6}.Release|Any CPU.ActiveCfg = Release|Any CPU
		{59D009EA-9AD7-42D7-B3FA-E42B6346B9D6}.Release|Any CPU.Build.0 = Release|Any CPU
		{FEFD5F04-6418-4062-8BB0-5977C7387736}.Debug|Any CPU.ActiveCfg = Debug|Any CPU
		{FEFD5F04-6418-4062-8BB0-5977C7387736}.Debug|Any CPU.Build.0 = Debug|Any CPU
		{FEFD5F04-6418-4062-8BB0-5977C7387736}.Release|Any CPU.ActiveCfg = Release|Any CPU
		{FEFD5F04-6418-4062-8BB0-5977C7387736}.Release|Any CPU.Build.0 = Release|Any CPU
	EndGlobalSection
	GlobalSection(SolutionProperties) = preSolution
		HideSolutionNode = FALSE
	EndGlobalSection
EndGlobal
