
Microsoft Visual Studio Solution File, Format Version 12.00
# Visual Studio 2012
Project("{FAE04EC0-301F-11D3-BF4B-00C04F79EFBC}") = "ResidenceStore", "ResidenceStore\ResidenceStore.csproj", "{64BCA1D2-F9A9-4F7C-B49B-41DE8B86D22C}"
EndProject
Project("{FAE04EC0-301F-11D3-BF4B-00C04F79EFBC}") = "ResidenceStore.RavenDB", "ResidenceStore.RavenDB\ResidenceStore.RavenDB.csproj", "{91A2DAE3-367E-43F8-A4ED-2AB2E6CB7006}"
EndProject
Global
	GlobalSection(SolutionConfigurationPlatforms) = preSolution
		Debug|Any CPU = Debug|Any CPU
		Release|Any CPU = Release|Any CPU
	EndGlobalSection
	GlobalSection(ProjectConfigurationPlatforms) = postSolution
		{64BCA1D2-F9A9-4F7C-B49B-41DE8B86D22C}.Debug|Any CPU.ActiveCfg = Debug|Any CPU
		{64BCA1D2-F9A9-4F7C-B49B-41DE8B86D22C}.Debug|Any CPU.Build.0 = Debug|Any CPU
		{64BCA1D2-F9A9-4F7C-B49B-41DE8B86D22C}.Release|Any CPU.ActiveCfg = Release|Any CPU
		{64BCA1D2-F9A9-4F7C-B49B-41DE8B86D22C}.Release|Any CPU.Build.0 = Release|Any CPU
		{91A2DAE3-367E-43F8-A4ED-2AB2E6CB7006}.Debug|Any CPU.ActiveCfg = Debug|Any CPU
		{91A2DAE3-367E-43F8-A4ED-2AB2E6CB7006}.Debug|Any CPU.Build.0 = Debug|Any CPU
		{91A2DAE3-367E-43F8-A4ED-2AB2E6CB7006}.Release|Any CPU.ActiveCfg = Release|Any CPU
		{91A2DAE3-367E-43F8-A4ED-2AB2E6CB7006}.Release|Any CPU.Build.0 = Release|Any CPU
	EndGlobalSection
	GlobalSection(SolutionProperties) = preSolution
		HideSolutionNode = FALSE
	EndGlobalSection
EndGlobal
